// !$*UTF8*$!
{
	archiveVersion = 1;
	classes = {
	};
	objectVersion = 50;
	objects = {

/* Begin PBXBuildFile section */
		5149F65F238EE3D700DDF9F3 /* AppDelegate.swift in Sources */ = {isa = PBXBuildFile; fileRef = 5149F65E238EE3D700DDF9F3 /* AppDelegate.swift */; };
		5149F661238EE3D700DDF9F3 /* ViewController.swift in Sources */ = {isa = PBXBuildFile; fileRef = 5149F660238EE3D700DDF9F3 /* ViewController.swift */; };
		5149F663238EE3D900DDF9F3 /* Assets.xcassets in Resources */ = {isa = PBXBuildFile; fileRef = 5149F662238EE3D900DDF9F3 /* Assets.xcassets */; };
		5149F666238EE3D900DDF9F3 /* Main.storyboard in Resources */ = {isa = PBXBuildFile; fileRef = 5149F664238EE3D900DDF9F3 /* Main.storyboard */; };
		5149F671238EE40200DDF9F3 /* src.scala in Resources */ = {isa = PBXBuildFile; fileRef = 5149F66E238EE40200DDF9F3 /* src.scala */; };
		5149F673238EE40200DDF9F3 /* Analyzer.swift in Sources */ = {isa = PBXBuildFile; fileRef = 5149F670238EE40200DDF9F3 /* Analyzer.swift */; };
/* End PBXBuildFile section */

/* Begin PBXFileReference section */
		5149F65B238EE3D700DDF9F3 /* M_L3.app */ = {isa = PBXFileReference; explicitFileType = wrapper.application; includeInIndex = 0; path = M_L3.app; sourceTree = BUILT_PRODUCTS_DIR; };
		5149F65E238EE3D700DDF9F3 /* AppDelegate.swift */ = {isa = PBXFileReference; lastKnownFileType = sourcecode.swift; path = AppDelegate.swift; sourceTree = "<group>"; };
		5149F660238EE3D700DDF9F3 /* ViewController.swift */ = {isa = PBXFileReference; lastKnownFileType = sourcecode.swift; path = ViewController.swift; sourceTree = "<group>"; };
		5149F662238EE3D900DDF9F3 /* Assets.xcassets */ = {isa = PBXFileReference; lastKnownFileType = folder.assetcatalog; path = Assets.xcassets; sourceTree = "<group>"; };
		5149F665238EE3D900DDF9F3 /* Base */ = {isa = PBXFileReference; lastKnownFileType = file.storyboard; name = Base; path = Base.lproj/Main.storyboard; sourceTree = "<group>"; };
		5149F667238EE3D900DDF9F3 /* Info.plist */ = {isa = PBXFileReference; lastKnownFileType = text.plist.xml; path = Info.plist; sourceTree = "<group>"; };
		5149F668238EE3D900DDF9F3 /* M_L3.entitlements */ = {isa = PBXFileReference; lastKnownFileType = text.plist.entitlements; path = M_L3.entitlements; sourceTree = "<group>"; };
		5149F66E238EE40200DDF9F3 /* src.scala */ = {isa = PBXFileReference; fileEncoding = 4; lastKnownFileType = text; path = src.scala; sourceTree = "<group>"; };
		5149F670238EE40200DDF9F3 /* Analyzer.swift */ = {isa = PBXFileReference; fileEncoding = 4; lastKnownFileType = sourcecode.swift; path = Analyzer.swift; sourceTree = "<group>"; };
/* End PBXFileReference section */

/* Begin PBXFrameworksBuildPhase section */
		5149F658238EE3D700DDF9F3 /* Frameworks */ = {
			isa = PBXFrameworksBuildPhase;
			buildActionMask = 2147483647;
			files = (
			);
			runOnlyForDeploymentPostprocessing = 0;
		};
/* End PBXFrameworksBuildPhase section */

/* Begin PBXGroup section */
		5149F652238EE3D700DDF9F3 = {
			isa = PBXGroup;
			children = (
				5149F65D238EE3D700DDF9F3 /* M_L3 */,
				5149F65C238EE3D700DDF9F3 /* Products */,
			);
			sourceTree = "<group>";
		};
		5149F65C238EE3D700DDF9F3 /* Products */ = {
			isa = PBXGroup;
			children = (
				5149F65B238EE3D700DDF9F3 /* M_L3.app */,
			);
			name = Products;
			sourceTree = "<group>";
		};
		5149F65D238EE3D700DDF9F3 /* M_L3 */ = {
			isa = PBXGroup;
			children = (
				5149F65E238EE3D700DDF9F3 /* AppDelegate.swift */,
				5149F660238EE3D700DDF9F3 /* ViewController.swift */,
				5149F670238EE40200DDF9F3 /* Analyzer.swift */,
				5149F662238EE3D900DDF9F3 /* Assets.xcassets */,
				5149F664238EE3D900DDF9F3 /* Main.storyboard */,
				5149F667238EE3D900DDF9F3 /* Info.plist */,
				5149F668238EE3D900DDF9F3 /* M_L3.entitlements */,
				5149F66E238EE40200DDF9F3 /* src.scala */,
			);
			path = M_L3;
			sourceTree = "<group>";
		};
/* End PBXGroup section */

/* Begin PBXNativeTarget section */
		5149F65A238EE3D700DDF9F3 /* M_L3 */ = {
			isa = PBXNativeTarget;
			buildConfigurationList = 5149F66B238EE3D900DDF9F3 /* Build configuration list for PBXNativeTarget "M_L3" */;
			buildPhases = (
				5149F657238EE3D700DDF9F3 /* Sources */,
				5149F658238EE3D700DDF9F3 /* Frameworks */,
				5149F659238EE3D700DDF9F3 /* Resources */,
			);
			buildRules = (
			);
			dependencies = (
			);
			name = M_L3;
			productName = M_L3;
			productReference = 5149F65B238EE3D700DDF9F3 /* M_L3.app */;
			productType = "com.apple.product-type.application";
		};
/* End PBXNativeTarget section */

/* Begin PBXProject section */
		5149F653238EE3D700DDF9F3 /* Project object */ = {
			isa = PBXProject;
			attributes = {
				LastSwiftUpdateCheck = 1120;
				LastUpgradeCheck = 1120;
				ORGANIZATIONNAME = "Михаил Ковалевский";
				TargetAttributes = {
					5149F65A238EE3D700DDF9F3 = {
						CreatedOnToolsVersion = 11.2;
					};
				};
			};
			buildConfigurationList = 5149F656238EE3D700DDF9F3 /* Build configuration list for PBXProject "M_L3" */;
			compatibilityVersion = "Xcode 9.3";
			developmentRegion = en;
			hasScannedForEncodings = 0;
			knownRegions = (
				en,
				Base,
			);
			mainGroup = 5149F652238EE3D700DDF9F3;
			productRefGroup = 5149F65C238EE3D700DDF9F3 /* Products */;
			projectDirPath = "";
			projectRoot = "";
			targets = (
				5149F65A238EE3D700DDF9F3 /* M_L3 */,
			);
		};
/* End PBXProject section */

/* Begin PBXResourcesBuildPhase section */
		5149F659238EE3D700DDF9F3 /* Resources */ = {
			isa = PBXResourcesBuildPhase;
			buildActionMask = 2147483647;
			files = (
				5149F663238EE3D900DDF9F3 /* Assets.xcassets in Resources */,
				5149F671238EE40200DDF9F3 /* src.scala in Resources */,
				5149F666238EE3D900DDF9F3 /* Main.storyboard in Resources */,
			);
			runOnlyForDeploymentPostprocessing = 0;
		};
/* End PBXResourcesBuildPhase section */

/* Begin PBXSourcesBuildPhase section */
		5149F657238EE3D700DDF9F3 /* Sources */ = {
			isa = PBXSourcesBuildPhase;
			buildActionMask = 2147483647;
			files = (
				5149F661238EE3D700DDF9F3 /* ViewController.swift in Sources */,
				5149F65F238EE3D700DDF9F3 /* AppDelegate.swift in Sources */,
				5149F673238EE40200DDF9F3 /* Analyzer.swift in Sources */,
			);
			runOnlyForDeploymentPostprocessing = 0;
		};
/* End PBXSourcesBuildPhase section */

/* Begin PBXVariantGroup section */
		5149F664238EE3D900DDF9F3 /* Main.storyboard */ = {
			isa = PBXVariantGroup;
			children = (
				5149F665238EE3D900DDF9F3 /* Base */,
			);
			name = Main.storyboard;
			sourceTree = "<group>";
		};
/* End PBXVariantGroup section */

/* Begin XCBuildConfiguration section */
		5149F669238EE3D900DDF9F3 /* Debug */ = {
			isa = XCBuildConfiguration;
			buildSettings = {
				ALWAYS_SEARCH_USER_PATHS = NO;
				CLANG_ANALYZER_NONNULL = YES;
				CLANG_ANALYZER_NUMBER_OBJECT_CONVERSION = YES_AGGRESSIVE;
				CLANG_CXX_LANGUAGE_STANDARD = "gnu++14";
				CLANG_CXX_LIBRARY = "libc++";
				CLANG_ENABLE_MODULES = YES;
				CLANG_ENABLE_OBJC_ARC = YES;
				CLANG_ENABLE_OBJC_WEAK = YES;
				CLANG_WARN_BLOCK_CAPTURE_AUTORELEASING = YES;
				CLANG_WARN_BOOL_CONVERSION = YES;
				CLANG_WARN_COMMA = YES;
				CLANG_WARN_CONSTANT_CONVERSION = YES;
				CLANG_WARN_DEPRECATED_OBJC_IMPLEMENTATIONS = YES;
				CLANG_WARN_DIRECT_OBJC_ISA_USAGE = YES_ERROR;
				CLANG_WARN_DOCUMENTATION_COMMENTS = YES;
				CLANG_WARN_EMPTY_BODY = YES;
				CLANG_WARN_ENUM_CONVERSION = YES;
				CLANG_WARN_INFINITE_RECURSION = YES;
				CLANG_WARN_INT_CONVERSION = YES;
				CLANG_WARN_NON_LITERAL_NULL_CONVERSION = YES;
				CLANG_WARN_OBJC_IMPLICIT_RETAIN_SELF = YES;
				CLANG_WARN_OBJC_LITERAL_CONVERSION = YES;
				CLANG_WARN_OBJC_ROOT_CLASS = YES_ERROR;
				CLANG_WARN_RANGE_LOOP_ANALYSIS = YES;
				CLANG_WARN_STRICT_PROTOTYPES = YES;
				CLANG_WARN_SUSPICIOUS_MOVE = YES;
				CLANG_WARN_UNGUARDED_AVAILABILITY = YES_AGGRESSIVE;
				CLANG_WARN_UNREACHABLE_CODE = YES;
				CLANG_WARN__DUPLICATE_METHOD_MATCH = YES;
				COPY_PHASE_STRIP = NO;
				DEBUG_INFORMATION_FORMAT = dwarf;
				ENABLE_STRICT_OBJC_MSGSEND = YES;
				ENABLE_TESTABILITY = YES;
				GCC_C_LANGUAGE_STANDARD = gnu11;
				GCC_DYNAMIC_NO_PIC = NO;
				GCC_NO_COMMON_BLOCKS = YES;
				GCC_OPTIMIZATION_LEVEL = 0;
				GCC_PREPROCESSOR_DEFINITIONS = (
					"DEBUG=1",
					"$(inherited)",
				);
				GCC_WARN_64_TO_32_BIT_CONVERSION = YES;
				GCC_WARN_ABOUT_RETURN_TYPE = YES_ERROR;
				GCC_WARN_UNDECLARED_SELECTOR = YES;
				GCC_WARN_UNINITIALIZED_AUTOS = YES_AGGRESSIVE;
				GCC_WARN_UNUSED_FUNCTION = YES;
				GCC_WARN_UNUSED_VARIABLE = YES;
				MACOSX_DEPLOYMENT_TARGET = 10.15;
				MTL_ENABLE_DEBUG_INFO = INCLUDE_SOURCE;
				MTL_FAST_MATH = YES;
				ONLY_ACTIVE_ARCH = YES;
				SDKROOT = macosx;
				SWIFT_ACTIVE_COMPILATION_CONDITIONS = DEBUG;
				SWIFT_OPTIMIZATION_LEVEL = "-Onone";
			};
			name = Debug;
		};
		5149F66A238EE3D900DDF9F3 /* Release */ = {
			isa = XCBuildConfiguration;
			buildSettings = {
				ALWAYS_SEARCH_USER_PATHS = NO;
				CLANG_ANALYZER_NONNULL = YES;
				CLANG_ANALYZER_NUMBER_OBJECT_CONVERSION = YES_AGGRESSIVE;
				CLANG_CXX_LANGUAGE_STANDARD = "gnu++14";
				CLANG_CXX_LIBRARY = "libc++";
				CLANG_ENABLE_MODULES = YES;
				CLANG_ENABLE_OBJC_ARC = YES;
				CLANG_ENABLE_OBJC_WEAK = YES;
				CLANG_WARN_BLOCK_CAPTURE_AUTORELEASING = YES;
				CLANG_WARN_BOOL_CONVERSION = YES;
				CLANG_WARN_COMMA = YES;
				CLANG_WARN_CONSTANT_CONVERSION = YES;
				CLANG_WARN_DEPRECATED_OBJC_IMPLEMENTATIONS = YES;
				CLANG_WARN_DIRECT_OBJC_ISA_USAGE = YES_ERROR;
				CLANG_WARN_DOCUMENTATION_COMMENTS = YES;
				CLANG_WARN_EMPTY_BODY = YES;
				CLANG_WARN_ENUM_CONVERSION = YES;
				CLANG_WARN_INFINITE_RECURSION = YES;
				CLANG_WARN_INT_CONVERSION = YES;
				CLANG_WARN_NON_LITERAL_NULL_CONVERSION = YES;
				CLANG_WARN_OBJC_IMPLICIT_RETAIN_SELF = YES;
				CLANG_WARN_OBJC_LITERAL_CONVERSION = YES;
				CLANG_WARN_OBJC_ROOT_CLASS = YES_ERROR;
				CLANG_WARN_RANGE_LOOP_ANALYSIS = YES;
				CLANG_WARN_STRICT_PROTOTYPES = YES;
				CLANG_WARN_SUSPICIOUS_MOVE = YES;
				CLANG_WARN_UNGUARDED_AVAILABILITY = YES_AGGRESSIVE;
				CLANG_WARN_UNREACHABLE_CODE = YES;
				CLANG_WARN__DUPLICATE_METHOD_MATCH = YES;
				COPY_PHASE_STRIP = NO;
				DEBUG_INFORMATION_FORMAT = "dwarf-with-dsym";
				ENABLE_NS_ASSERTIONS = NO;
				ENABLE_STRICT_OBJC_MSGSEND = YES;
				GCC_C_LANGUAGE_STANDARD = gnu11;
				GCC_NO_COMMON_BLOCKS = YES;
				GCC_WARN_64_TO_32_BIT_CONVERSION = YES;
				GCC_WARN_ABOUT_RETURN_TYPE = YES_ERROR;
				GCC_WARN_UNDECLARED_SELECTOR = YES;
				GCC_WARN_UNINITIALIZED_AUTOS = YES_AGGRESSIVE;
				GCC_WARN_UNUSED_FUNCTION = YES;
				GCC_WARN_UNUSED_VARIABLE = YES;
				MACOSX_DEPLOYMENT_TARGET = 10.15;
				MTL_ENABLE_DEBUG_INFO = NO;
				MTL_FAST_MATH = YES;
				SDKROOT = macosx;
				SWIFT_COMPILATION_MODE = wholemodule;
				SWIFT_OPTIMIZATION_LEVEL = "-O";
			};
			name = Release;
		};
		5149F66C238EE3D900DDF9F3 /* Debug */ = {
			isa = XCBuildConfiguration;
			buildSettings = {
				ASSETCATALOG_COMPILER_APPICON_NAME = AppIcon;
				CODE_SIGN_ENTITLEMENTS = M_L3/M_L3.entitlements;
				CODE_SIGN_STYLE = Automatic;
				COMBINE_HIDPI_IMAGES = YES;
				DEVELOPMENT_TEAM = 2RFRHVPMQL;
				ENABLE_HARDENED_RUNTIME = YES;
				INFOPLIST_FILE = M_L3/Info.plist;
				LD_RUNPATH_SEARCH_PATHS = (
					"$(inherited)",
					"@executable_path/../Frameworks",
				);
				PRODUCT_BUNDLE_IDENTIFIER = "com.Xcnk.M-L3";
				PRODUCT_NAME = "$(TARGET_NAME)";
				SWIFT_VERSION = 5.0;
			};
			name = Debug;
		};
		5149F66D238EE3D900DDF9F3 /* Release */ = {
			isa = XCBuildConfiguration;
			buildSettings = {
				ASSETCATALOG_COMPILER_APPICON_NAME = AppIcon;
				CODE_SIGN_ENTITLEMENTS = M_L3/M_L3.entitlements;
				CODE_SIGN_STYLE = Automatic;
				COMBINE_HIDPI_IMAGES = YES;
				DEVELOPMENT_TEAM = 2RFRHVPMQL;
				ENABLE_HARDENED_RUNTIME = YES;
				INFOPLIST_FILE = M_L3/Info.plist;
				LD_RUNPATH_SEARCH_PATHS = (
					"$(inherited)",
					"@executable_path/../Frameworks",
				);
				PRODUCT_BUNDLE_IDENTIFIER = "com.Xcnk.M-L3";
				PRODUCT_NAME = "$(TARGET_NAME)";
				SWIFT_VERSION = 5.0;
			};
			name = Release;
		};
/* End XCBuildConfiguration section */

/* Begin XCConfigurationList section */
		5149F656238EE3D700DDF9F3 /* Build configuration list for PBXProject "M_L3" */ = {
			isa = XCConfigurationList;
			buildConfigurations = (
				5149F669238EE3D900DDF9F3 /* Debug */,
				5149F66A238EE3D900DDF9F3 /* Release */,
			);
			defaultConfigurationIsVisible = 0;
			defaultConfigurationName = Release;
		};
		5149F66B238EE3D900DDF9F3 /* Build configuration list for PBXNativeTarget "M_L3" */ = {
			isa = XCConfigurationList;
			buildConfigurations = (
				5149F66C238EE3D900DDF9F3 /* Debug */,
				5149F66D238EE3D900DDF9F3 /* Release */,
			);
			defaultConfigurationIsVisible = 0;
			defaultConfigurationName = Release;
		};
/* End XCConfigurationList section */
	};
	rootObject = 5149F653238EE3D700DDF9F3 /* Project object */;
}
